
Microsoft Visual Studio Solution File, Format Version 12.00
# Visual Studio Version 16
VisualStudioVersion = 16.0.30114.105
MinimumVisualStudioVersion = 10.0.40219.1
Project("{FAE04EC0-301F-11D3-BF4B-00C04F79EFBC}") = "ReconocimientoFacial", "ReconocimientoFacial\ReconocimientoFacial.csproj", "{EE7F618C-C66D-4FCF-96E5-D6EAA687C765}"
EndProject
Global
	GlobalSection(SolutionConfigurationPlatforms) = preSolution
		Debug|Any CPU = Debug|Any CPU
		Release|Any CPU = Release|Any CPU
	EndGlobalSection
	GlobalSection(ProjectConfigurationPlatforms) = postSolution
		{EE7F618C-C66D-4FCF-96E5-D6EAA687C765}.Debug|Any CPU.ActiveCfg = Debug|Any CPU
		{EE7F618C-C66D-4FCF-96E5-D6EAA687C765}.Debug|Any CPU.Build.0 = Debug|Any CPU
		{EE7F618C-C66D-4FCF-96E5-D6EAA687C765}.Release|Any CPU.ActiveCfg = Release|Any CPU
		{EE7F618C-C66D-4FCF-96E5-D6EAA687C765}.Release|Any CPU.Build.0 = Release|Any CPU
	EndGlobalSection
	GlobalSection(SolutionProperties) = preSolution
		HideSolutionNode = FALSE
	EndGlobalSection
	GlobalSection(ExtensibilityGlobals) = postSolution
		SolutionGuid = {410BA2E9-DEEA-4CB0-BBDD-0B8F7D461659}
	EndGlobalSection
EndGlobal
